// !$*UTF8*$!
{
	archiveVersion = 1;
	classes = {
	};
	objectVersion = 56;
	objects = {

/* Begin PBXBuildFile section */
		57B4A4E22BFEAAE700A0CEC0 /* DataProvider in Frameworks */ = {isa = PBXBuildFile; productRef = 57B4A4E12BFEAAE700A0CEC0 /* DataProvider */; };
		EE0C07732C0A694600F01BDA /* LocationView.swift in Sources */ = {isa = PBXBuildFile; fileRef = EE0C07722C0A694600F01BDA /* LocationView.swift */; };
		EE0C07752C0A695000F01BDA /* LocationViewModel.swift in Sources */ = {isa = PBXBuildFile; fileRef = EE0C07742C0A695000F01BDA /* LocationViewModel.swift */; };
		EE0C07772C0A699500F01BDA /* LocationModel.swift in Sources */ = {isa = PBXBuildFile; fileRef = EE0C07762C0A699500F01BDA /* LocationModel.swift */; };
		EE0C07792C0A69A400F01BDA /* CharacterModel.swift in Sources */ = {isa = PBXBuildFile; fileRef = EE0C07782C0A69A400F01BDA /* CharacterModel.swift */; };
		EE0C077B2C0A6AD500F01BDA /* CharacterEndPoint.swift in Sources */ = {isa = PBXBuildFile; fileRef = EE0C077A2C0A6AD500F01BDA /* CharacterEndPoint.swift */; };
		EE0C077D2C0A6AE300F01BDA /* LocationEndPoint.swift in Sources */ = {isa = PBXBuildFile; fileRef = EE0C077C2C0A6AE300F01BDA /* LocationEndPoint.swift */; };
		EEC039F02BFE66BF00D7D30E /* GenericNetworkManagerApp.swift in Sources */ = {isa = PBXBuildFile; fileRef = EEC039EF2BFE66BF00D7D30E /* GenericNetworkManagerApp.swift */; };
		EEC039F42BFE66C000D7D30E /* Assets.xcassets in Resources */ = {isa = PBXBuildFile; fileRef = EEC039F32BFE66C000D7D30E /* Assets.xcassets */; };
		EEC039F72BFE66C000D7D30E /* Preview Assets.xcassets in Resources */ = {isa = PBXBuildFile; fileRef = EEC039F62BFE66C000D7D30E /* Preview Assets.xcassets */; };
		EEC03A082BFE6ACF00D7D30E /* ListCharactersEndPoint.swift in Sources */ = {isa = PBXBuildFile; fileRef = EEC03A072BFE6ACF00D7D30E /* ListCharactersEndPoint.swift */; };
		EEC03A0B2BFE6AFC00D7D30E /* AllCharactersModel.swift in Sources */ = {isa = PBXBuildFile; fileRef = EEC03A0A2BFE6AFC00D7D30E /* AllCharactersModel.swift */; };
		EEC03A0F2BFE765500D7D30E /* ListViewModel.swift in Sources */ = {isa = PBXBuildFile; fileRef = EEC03A0E2BFE765500D7D30E /* ListViewModel.swift */; };
		EEC615942C09071900ABB93E /* ListHomeView.swift in Sources */ = {isa = PBXBuildFile; fileRef = EEC615932C09071900ABB93E /* ListHomeView.swift */; };
		EEC615982C09076100ABB93E /* NavigationStackManager.swift in Sources */ = {isa = PBXBuildFile; fileRef = EEC615972C09076100ABB93E /* NavigationStackManager.swift */; };
		EEC6159B2C0909C700ABB93E /* CharactersView.swift in Sources */ = {isa = PBXBuildFile; fileRef = EEC6159A2C0909C700ABB93E /* CharactersView.swift */; };
		EEC6159D2C090B2900ABB93E /* CharacterViewModel.swift in Sources */ = {isa = PBXBuildFile; fileRef = EEC6159C2C090B2900ABB93E /* CharacterViewModel.swift */; };
/* End PBXBuildFile section */

/* Begin PBXFileReference section */
		57B4A4DF2BFEAAD900A0CEC0 /* DataProvider */ = {isa = PBXFileReference; lastKnownFileType = wrapper; path = DataProvider; sourceTree = "<group>"; };
		EE0C07722C0A694600F01BDA /* LocationView.swift */ = {isa = PBXFileReference; lastKnownFileType = sourcecode.swift; path = LocationView.swift; sourceTree = "<group>"; };
		EE0C07742C0A695000F01BDA /* LocationViewModel.swift */ = {isa = PBXFileReference; lastKnownFileType = sourcecode.swift; path = LocationViewModel.swift; sourceTree = "<group>"; };
		EE0C07762C0A699500F01BDA /* LocationModel.swift */ = {isa = PBXFileReference; lastKnownFileType = sourcecode.swift; path = LocationModel.swift; sourceTree = "<group>"; };
		EE0C07782C0A69A400F01BDA /* CharacterModel.swift */ = {isa = PBXFileReference; lastKnownFileType = sourcecode.swift; path = CharacterModel.swift; sourceTree = "<group>"; };
		EE0C077A2C0A6AD500F01BDA /* CharacterEndPoint.swift */ = {isa = PBXFileReference; lastKnownFileType = sourcecode.swift; path = CharacterEndPoint.swift; sourceTree = "<group>"; };
		EE0C077C2C0A6AE300F01BDA /* LocationEndPoint.swift */ = {isa = PBXFileReference; lastKnownFileType = sourcecode.swift; path = LocationEndPoint.swift; sourceTree = "<group>"; };
		EEC039EC2BFE66BF00D7D30E /* GenericNetworkManager.app */ = {isa = PBXFileReference; explicitFileType = wrapper.application; includeInIndex = 0; path = GenericNetworkManager.app; sourceTree = BUILT_PRODUCTS_DIR; };
		EEC039EF2BFE66BF00D7D30E /* GenericNetworkManagerApp.swift */ = {isa = PBXFileReference; lastKnownFileType = sourcecode.swift; path = GenericNetworkManagerApp.swift; sourceTree = "<group>"; };
		EEC039F32BFE66C000D7D30E /* Assets.xcassets */ = {isa = PBXFileReference; lastKnownFileType = folder.assetcatalog; path = Assets.xcassets; sourceTree = "<group>"; };
		EEC039F62BFE66C000D7D30E /* Preview Assets.xcassets */ = {isa = PBXFileReference; lastKnownFileType = folder.assetcatalog; path = "Preview Assets.xcassets"; sourceTree = "<group>"; };
		EEC03A072BFE6ACF00D7D30E /* ListCharactersEndPoint.swift */ = {isa = PBXFileReference; lastKnownFileType = sourcecode.swift; path = ListCharactersEndPoint.swift; sourceTree = "<group>"; };
		EEC03A0A2BFE6AFC00D7D30E /* AllCharactersModel.swift */ = {isa = PBXFileReference; lastKnownFileType = sourcecode.swift; path = AllCharactersModel.swift; sourceTree = "<group>"; };
		EEC03A0E2BFE765500D7D30E /* ListViewModel.swift */ = {isa = PBXFileReference; lastKnownFileType = sourcecode.swift; path = ListViewModel.swift; sourceTree = "<group>"; };
		EEC615932C09071900ABB93E /* ListHomeView.swift */ = {isa = PBXFileReference; fileEncoding = 4; lastKnownFileType = sourcecode.swift; path = ListHomeView.swift; sourceTree = "<group>"; };
		EEC615972C09076100ABB93E /* NavigationStackManager.swift */ = {isa = PBXFileReference; lastKnownFileType = sourcecode.swift; path = NavigationStackManager.swift; sourceTree = "<group>"; };
		EEC6159A2C0909C700ABB93E /* CharactersView.swift */ = {isa = PBXFileReference; lastKnownFileType = sourcecode.swift; path = CharactersView.swift; sourceTree = "<group>"; };
		EEC6159C2C090B2900ABB93E /* CharacterViewModel.swift */ = {isa = PBXFileReference; lastKnownFileType = sourcecode.swift; path = CharacterViewModel.swift; sourceTree = "<group>"; };
/* End PBXFileReference section */

/* Begin PBXFrameworksBuildPhase section */
		EEC039E92BFE66BF00D7D30E /* Frameworks */ = {
			isa = PBXFrameworksBuildPhase;
			buildActionMask = 2147483647;
			files = (
				57B4A4E22BFEAAE700A0CEC0 /* DataProvider in Frameworks */,
			);
			runOnlyForDeploymentPostprocessing = 0;
		};
/* End PBXFrameworksBuildPhase section */

/* Begin PBXGroup section */
		57B4A4DE2BFEAABE00A0CEC0 /* Packages */ = {
			isa = PBXGroup;
			children = (
				57B4A4DF2BFEAAD900A0CEC0 /* DataProvider */,
			);
			path = Packages;
			sourceTree = "<group>";
		};
		57B4A4E02BFEAAE700A0CEC0 /* Frameworks */ = {
			isa = PBXGroup;
			children = (
			);
			name = Frameworks;
			sourceTree = "<group>";
		};
		EE0C07712C0A693800F01BDA /* Location */ = {
			isa = PBXGroup;
			children = (
				EE0C07722C0A694600F01BDA /* LocationView.swift */,
				EE0C07742C0A695000F01BDA /* LocationViewModel.swift */,
			);
			path = Location;
			sourceTree = "<group>";
		};
		EEB3D8332BFF37C8003DA7C6 /* Example */ = {
			isa = PBXGroup;
			children = (
				EEC615962C09074800ABB93E /* Scene */,
				EEC615952C09073400ABB93E /* Network */,
				EEC615902C0906B700ABB93E /* Model */,
				EEC615972C09076100ABB93E /* NavigationStackManager.swift */,
			);
			path = Example;
			sourceTree = "<group>";
		};
		EEC039E32BFE66BF00D7D30E = {
			isa = PBXGroup;
			children = (
				EEC039EE2BFE66BF00D7D30E /* GenericNetworkManager */,
				EEC039ED2BFE66BF00D7D30E /* Products */,
				57B4A4E02BFEAAE700A0CEC0 /* Frameworks */,
			);
			sourceTree = "<group>";
		};
		EEC039ED2BFE66BF00D7D30E /* Products */ = {
			isa = PBXGroup;
			children = (
				EEC039EC2BFE66BF00D7D30E /* GenericNetworkManager.app */,
			);
			name = Products;
			sourceTree = "<group>";
		};
		EEC039EE2BFE66BF00D7D30E /* GenericNetworkManager */ = {
			isa = PBXGroup;
			children = (
				57B4A4DE2BFEAABE00A0CEC0 /* Packages */,
				EEB3D8332BFF37C8003DA7C6 /* Example */,
				EEC039EF2BFE66BF00D7D30E /* GenericNetworkManagerApp.swift */,
				EEC039F32BFE66C000D7D30E /* Assets.xcassets */,
				EEC039F52BFE66C000D7D30E /* Preview Content */,
			);
			path = GenericNetworkManager;
			sourceTree = "<group>";
		};
		EEC039F52BFE66C000D7D30E /* Preview Content */ = {
			isa = PBXGroup;
			children = (
				EEC039F62BFE66C000D7D30E /* Preview Assets.xcassets */,
			);
			path = "Preview Content";
			sourceTree = "<group>";
		};
		EEC615902C0906B700ABB93E /* Model */ = {
			isa = PBXGroup;
			children = (
				EE0C07762C0A699500F01BDA /* LocationModel.swift */,
				EEC03A0A2BFE6AFC00D7D30E /* AllCharactersModel.swift */,
				EE0C07782C0A69A400F01BDA /* CharacterModel.swift */,
			);
			path = Model;
			sourceTree = "<group>";
		};
		EEC615922C0906D300ABB93E /* Home */ = {
			isa = PBXGroup;
			children = (
				EEC615932C09071900ABB93E /* ListHomeView.swift */,
				EEC03A0E2BFE765500D7D30E /* ListViewModel.swift */,
			);
			path = Home;
			sourceTree = "<group>";
		};
		EEC615952C09073400ABB93E /* Network */ = {
			isa = PBXGroup;
			children = (
				EEC03A072BFE6ACF00D7D30E /* ListCharactersEndPoint.swift */,
				EE0C077A2C0A6AD500F01BDA /* CharacterEndPoint.swift */,
				EE0C077C2C0A6AE300F01BDA /* LocationEndPoint.swift */,
			);
			path = Network;
			sourceTree = "<group>";
		};
		EEC615962C09074800ABB93E /* Scene */ = {
			isa = PBXGroup;
			children = (
				EEC615922C0906D300ABB93E /* Home */,
				EEC615992C0909B200ABB93E /* Characters */,
				EE0C07712C0A693800F01BDA /* Location */,
			);
			path = Scene;
			sourceTree = "<group>";
		};
		EEC615992C0909B200ABB93E /* Characters */ = {
			isa = PBXGroup;
			children = (
				EEC6159A2C0909C700ABB93E /* CharactersView.swift */,
				EEC6159C2C090B2900ABB93E /* CharacterViewModel.swift */,
			);
			path = Characters;
			sourceTree = "<group>";
		};
/* End PBXGroup section */

/* Begin PBXNativeTarget section */
		EEC039EB2BFE66BF00D7D30E /* GenericNetworkManager */ = {
			isa = PBXNativeTarget;
			buildConfigurationList = EEC039FA2BFE66C000D7D30E /* Build configuration list for PBXNativeTarget "GenericNetworkManager" */;
			buildPhases = (
				EEC039E82BFE66BF00D7D30E /* Sources */,
				EEC039E92BFE66BF00D7D30E /* Frameworks */,
				EEC039EA2BFE66BF00D7D30E /* Resources */,
			);
			buildRules = (
			);
			dependencies = (
			);
			name = GenericNetworkManager;
			packageProductDependencies = (
				57B4A4E12BFEAAE700A0CEC0 /* DataProvider */,
			);
			productName = GenericNetworkManager;
			productReference = EEC039EC2BFE66BF00D7D30E /* GenericNetworkManager.app */;
			productType = "com.apple.product-type.application";
		};
/* End PBXNativeTarget section */

/* Begin PBXProject section */
		EEC039E42BFE66BF00D7D30E /* Project object */ = {
			isa = PBXProject;
			attributes = {
				BuildIndependentTargetsInParallel = 1;
				LastSwiftUpdateCheck = 1520;
				LastUpgradeCheck = 1520;
				TargetAttributes = {
					EEC039EB2BFE66BF00D7D30E = {
						CreatedOnToolsVersion = 15.2;
					};
				};
			};
			buildConfigurationList = EEC039E72BFE66BF00D7D30E /* Build configuration list for PBXProject "GenericNetworkManager" */;
			compatibilityVersion = "Xcode 14.0";
			developmentRegion = en;
			hasScannedForEncodings = 0;
			knownRegions = (
				en,
				Base,
			);
			mainGroup = EEC039E32BFE66BF00D7D30E;
			productRefGroup = EEC039ED2BFE66BF00D7D30E /* Products */;
			projectDirPath = "";
			projectRoot = "";
			targets = (
				EEC039EB2BFE66BF00D7D30E /* GenericNetworkManager */,
			);
		};
/* End PBXProject section */

/* Begin PBXResourcesBuildPhase section */
		EEC039EA2BFE66BF00D7D30E /* Resources */ = {
			isa = PBXResourcesBuildPhase;
			buildActionMask = 2147483647;
			files = (
				EEC039F72BFE66C000D7D30E /* Preview Assets.xcassets in Resources */,
				EEC039F42BFE66C000D7D30E /* Assets.xcassets in Resources */,
			);
			runOnlyForDeploymentPostprocessing = 0;
		};
/* End PBXResourcesBuildPhase section */

/* Begin PBXSourcesBuildPhase section */
		EEC039E82BFE66BF00D7D30E /* Sources */ = {
			isa = PBXSourcesBuildPhase;
			buildActionMask = 2147483647;
			files = (
				EEC03A0F2BFE765500D7D30E /* ListViewModel.swift in Sources */,
				EE0C077D2C0A6AE300F01BDA /* LocationEndPoint.swift in Sources */,
				EEC039F02BFE66BF00D7D30E /* GenericNetworkManagerApp.swift in Sources */,
				EEC615942C09071900ABB93E /* ListHomeView.swift in Sources */,
				EE0C07752C0A695000F01BDA /* LocationViewModel.swift in Sources */,
				EEC03A082BFE6ACF00D7D30E /* ListCharactersEndPoint.swift in Sources */,
				EE0C07772C0A699500F01BDA /* LocationModel.swift in Sources */,
				EEC6159D2C090B2900ABB93E /* CharacterViewModel.swift in Sources */,
				EEC615982C09076100ABB93E /* NavigationStackManager.swift in Sources */,
				EEC6159B2C0909C700ABB93E /* CharactersView.swift in Sources */,
				EE0C07792C0A69A400F01BDA /* CharacterModel.swift in Sources */,
				EE0C07732C0A694600F01BDA /* LocationView.swift in Sources */,
				EEC03A0B2BFE6AFC00D7D30E /* AllCharactersModel.swift in Sources */,
				EE0C077B2C0A6AD500F01BDA /* CharacterEndPoint.swift in Sources */,
			);
			runOnlyForDeploymentPostprocessing = 0;
		};
/* End PBXSourcesBuildPhase section */

/* Begin XCBuildConfiguration section */
		EEC039F82BFE66C000D7D30E /* Debug */ = {
			isa = XCBuildConfiguration;
			buildSettings = {
				ALWAYS_SEARCH_USER_PATHS = NO;
				ASSETCATALOG_COMPILER_GENERATE_SWIFT_ASSET_SYMBOL_EXTENSIONS = YES;
				CLANG_ANALYZER_NONNULL = YES;
				CLANG_ANALYZER_NUMBER_OBJECT_CONVERSION = YES_AGGRESSIVE;
				CLANG_CXX_LANGUAGE_STANDARD = "gnu++20";
				CLANG_ENABLE_MODULES = YES;
				CLANG_ENABLE_OBJC_ARC = YES;
				CLANG_ENABLE_OBJC_WEAK = YES;
				CLANG_WARN_BLOCK_CAPTURE_AUTORELEASING = YES;
				CLANG_WARN_BOOL_CONVERSION = YES;
				CLANG_WARN_COMMA = YES;
				CLANG_WARN_CONSTANT_CONVERSION = YES;
				CLANG_WARN_DEPRECATED_OBJC_IMPLEMENTATIONS = YES;
				CLANG_WARN_DIRECT_OBJC_ISA_USAGE = YES_ERROR;
				CLANG_WARN_DOCUMENTATION_COMMENTS = YES;
				CLANG_WARN_EMPTY_BODY = YES;
				CLANG_WARN_ENUM_CONVERSION = YES;
				CLANG_WARN_INFINITE_RECURSION = YES;
				CLANG_WARN_INT_CONVERSION = YES;
				CLANG_WARN_NON_LITERAL_NULL_CONVERSION = YES;
				CLANG_WARN_OBJC_IMPLICIT_RETAIN_SELF = YES;
				CLANG_WARN_OBJC_LITERAL_CONVERSION = YES;
				CLANG_WARN_OBJC_ROOT_CLASS = YES_ERROR;
				CLANG_WARN_QUOTED_INCLUDE_IN_FRAMEWORK_HEADER = YES;
				CLANG_WARN_RANGE_LOOP_ANALYSIS = YES;
				CLANG_WARN_STRICT_PROTOTYPES = YES;
				CLANG_WARN_SUSPICIOUS_MOVE = YES;
				CLANG_WARN_UNGUARDED_AVAILABILITY = YES_AGGRESSIVE;
				CLANG_WARN_UNREACHABLE_CODE = YES;
				CLANG_WARN__DUPLICATE_METHOD_MATCH = YES;
				COPY_PHASE_STRIP = NO;
				DEBUG_INFORMATION_FORMAT = dwarf;
				ENABLE_STRICT_OBJC_MSGSEND = YES;
				ENABLE_TESTABILITY = YES;
				ENABLE_USER_SCRIPT_SANDBOXING = YES;
				GCC_C_LANGUAGE_STANDARD = gnu17;
				GCC_DYNAMIC_NO_PIC = NO;
				GCC_NO_COMMON_BLOCKS = YES;
				GCC_OPTIMIZATION_LEVEL = 0;
				GCC_PREPROCESSOR_DEFINITIONS = (
					"DEBUG=1",
					"$(inherited)",
				);
				GCC_WARN_64_TO_32_BIT_CONVERSION = YES;
				GCC_WARN_ABOUT_RETURN_TYPE = YES_ERROR;
				GCC_WARN_UNDECLARED_SELECTOR = YES;
				GCC_WARN_UNINITIALIZED_AUTOS = YES_AGGRESSIVE;
				GCC_WARN_UNUSED_FUNCTION = YES;
				GCC_WARN_UNUSED_VARIABLE = YES;
				IPHONEOS_DEPLOYMENT_TARGET = 17.2;
				LOCALIZATION_PREFERS_STRING_CATALOGS = YES;
				MTL_ENABLE_DEBUG_INFO = INCLUDE_SOURCE;
				MTL_FAST_MATH = YES;
				ONLY_ACTIVE_ARCH = YES;
				SDKROOT = iphoneos;
				SWIFT_ACTIVE_COMPILATION_CONDITIONS = "DEBUG $(inherited)";
				SWIFT_OPTIMIZATION_LEVEL = "-Onone";
			};
			name = Debug;
		};
		EEC039F92BFE66C000D7D30E /* Release */ = {
			isa = XCBuildConfiguration;
			buildSettings = {
				ALWAYS_SEARCH_USER_PATHS = NO;
				ASSETCATALOG_COMPILER_GENERATE_SWIFT_ASSET_SYMBOL_EXTENSIONS = YES;
				CLANG_ANALYZER_NONNULL = YES;
				CLANG_ANALYZER_NUMBER_OBJECT_CONVERSION = YES_AGGRESSIVE;
				CLANG_CXX_LANGUAGE_STANDARD = "gnu++20";
				CLANG_ENABLE_MODULES = YES;
				CLANG_ENABLE_OBJC_ARC = YES;
				CLANG_ENABLE_OBJC_WEAK = YES;
				CLANG_WARN_BLOCK_CAPTURE_AUTORELEASING = YES;
				CLANG_WARN_BOOL_CONVERSION = YES;
				CLANG_WARN_COMMA = YES;
				CLANG_WARN_CONSTANT_CONVERSION = YES;
				CLANG_WARN_DEPRECATED_OBJC_IMPLEMENTATIONS = YES;
				CLANG_WARN_DIRECT_OBJC_ISA_USAGE = YES_ERROR;
				CLANG_WARN_DOCUMENTATION_COMMENTS = YES;
				CLANG_WARN_EMPTY_BODY = YES;
				CLANG_WARN_ENUM_CONVERSION = YES;
				CLANG_WARN_INFINITE_RECURSION = YES;
				CLANG_WARN_INT_CONVERSION = YES;
				CLANG_WARN_NON_LITERAL_NULL_CONVERSION = YES;
				CLANG_WARN_OBJC_IMPLICIT_RETAIN_SELF = YES;
				CLANG_WARN_OBJC_LITERAL_CONVERSION = YES;
				CLANG_WARN_OBJC_ROOT_CLASS = YES_ERROR;
				CLANG_WARN_QUOTED_INCLUDE_IN_FRAMEWORK_HEADER = YES;
				CLANG_WARN_RANGE_LOOP_ANALYSIS = YES;
				CLANG_WARN_STRICT_PROTOTYPES = YES;
				CLANG_WARN_SUSPICIOUS_MOVE = YES;
				CLANG_WARN_UNGUARDED_AVAILABILITY = YES_AGGRESSIVE;
				CLANG_WARN_UNREACHABLE_CODE = YES;
				CLANG_WARN__DUPLICATE_METHOD_MATCH = YES;
				COPY_PHASE_STRIP = NO;
				DEBUG_INFORMATION_FORMAT = "dwarf-with-dsym";
				ENABLE_NS_ASSERTIONS = NO;
				ENABLE_STRICT_OBJC_MSGSEND = YES;
				ENABLE_USER_SCRIPT_SANDBOXING = YES;
				GCC_C_LANGUAGE_STANDARD = gnu17;
				GCC_NO_COMMON_BLOCKS = YES;
				GCC_WARN_64_TO_32_BIT_CONVERSION = YES;
				GCC_WARN_ABOUT_RETURN_TYPE = YES_ERROR;
				GCC_WARN_UNDECLARED_SELECTOR = YES;
				GCC_WARN_UNINITIALIZED_AUTOS = YES_AGGRESSIVE;
				GCC_WARN_UNUSED_FUNCTION = YES;
				GCC_WARN_UNUSED_VARIABLE = YES;
				IPHONEOS_DEPLOYMENT_TARGET = 17.2;
				LOCALIZATION_PREFERS_STRING_CATALOGS = YES;
				MTL_ENABLE_DEBUG_INFO = NO;
				MTL_FAST_MATH = YES;
				SDKROOT = iphoneos;
				SWIFT_COMPILATION_MODE = wholemodule;
				VALIDATE_PRODUCT = YES;
			};
			name = Release;
		};
		EEC039FB2BFE66C000D7D30E /* Debug */ = {
			isa = XCBuildConfiguration;
			buildSettings = {
				ASSETCATALOG_COMPILER_APPICON_NAME = AppIcon;
				ASSETCATALOG_COMPILER_GLOBAL_ACCENT_COLOR_NAME = AccentColor;
				CODE_SIGN_STYLE = Automatic;
				CURRENT_PROJECT_VERSION = 1;
				DEVELOPMENT_ASSET_PATHS = "\"GenericNetworkManager/Preview Content\"";
				DEVELOPMENT_TEAM = 74UL9K89V5;
				ENABLE_PREVIEWS = YES;
				GENERATE_INFOPLIST_FILE = YES;
				INFOPLIST_KEY_UIApplicationSceneManifest_Generation = YES;
				INFOPLIST_KEY_UIApplicationSupportsIndirectInputEvents = YES;
				INFOPLIST_KEY_UILaunchScreen_Generation = YES;
				INFOPLIST_KEY_UISupportedInterfaceOrientations_iPad = "UIInterfaceOrientationPortrait UIInterfaceOrientationPortraitUpsideDown UIInterfaceOrientationLandscapeLeft UIInterfaceOrientationLandscapeRight";
				INFOPLIST_KEY_UISupportedInterfaceOrientations_iPhone = "UIInterfaceOrientationPortrait UIInterfaceOrientationLandscapeLeft UIInterfaceOrientationLandscapeRight";
				LD_RUNPATH_SEARCH_PATHS = (
					"$(inherited)",
					"@executable_path/Frameworks",
				);
				MARKETING_VERSION = 1.0;
				PRODUCT_BUNDLE_IDENTIFIER = com.anlavc.GenericNetworkManager;
				PRODUCT_NAME = "$(TARGET_NAME)";
				SWIFT_EMIT_LOC_STRINGS = YES;
				SWIFT_VERSION = 5.0;
				TARGETED_DEVICE_FAMILY = "1,2";
			};
			name = Debug;
		};
		EEC039FC2BFE66C000D7D30E /* Release */ = {
			isa = XCBuildConfiguration;
			buildSettings = {
				ASSETCATALOG_COMPILER_APPICON_NAME = AppIcon;
				ASSETCATALOG_COMPILER_GLOBAL_ACCENT_COLOR_NAME = AccentColor;
				CODE_SIGN_STYLE = Automatic;
				CURRENT_PROJECT_VERSION = 1;
				DEVELOPMENT_ASSET_PATHS = "\"GenericNetworkManager/Preview Content\"";
				DEVELOPMENT_TEAM = 74UL9K89V5;
				ENABLE_PREVIEWS = YES;
				GENERATE_INFOPLIST_FILE = YES;
				INFOPLIST_KEY_UIApplicationSceneManifest_Generation = YES;
				INFOPLIST_KEY_UIApplicationSupportsIndirectInputEvents = YES;
				INFOPLIST_KEY_UILaunchScreen_Generation = YES;
				INFOPLIST_KEY_UISupportedInterfaceOrientations_iPad = "UIInterfaceOrientationPortrait UIInterfaceOrientationPortraitUpsideDown UIInterfaceOrientationLandscapeLeft UIInterfaceOrientationLandscapeRight";
				INFOPLIST_KEY_UISupportedInterfaceOrientations_iPhone = "UIInterfaceOrientationPortrait UIInterfaceOrientationLandscapeLeft UIInterfaceOrientationLandscapeRight";
				LD_RUNPATH_SEARCH_PATHS = (
					"$(inherited)",
					"@executable_path/Frameworks",
				);
				MARKETING_VERSION = 1.0;
				PRODUCT_BUNDLE_IDENTIFIER = com.anlavc.GenericNetworkManager;
				PRODUCT_NAME = "$(TARGET_NAME)";
				SWIFT_EMIT_LOC_STRINGS = YES;
				SWIFT_VERSION = 5.0;
				TARGETED_DEVICE_FAMILY = "1,2";
			};
			name = Release;
		};
/* End XCBuildConfiguration section */

/* Begin XCConfigurationList section */
		EEC039E72BFE66BF00D7D30E /* Build configuration list for PBXProject "GenericNetworkManager" */ = {
			isa = XCConfigurationList;
			buildConfigurations = (
				EEC039F82BFE66C000D7D30E /* Debug */,
				EEC039F92BFE66C000D7D30E /* Release */,
			);
			defaultConfigurationIsVisible = 0;
			defaultConfigurationName = Release;
		};
		EEC039FA2BFE66C000D7D30E /* Build configuration list for PBXNativeTarget "GenericNetworkManager" */ = {
			isa = XCConfigurationList;
			buildConfigurations = (
				EEC039FB2BFE66C000D7D30E /* Debug */,
				EEC039FC2BFE66C000D7D30E /* Release */,
			);
			defaultConfigurationIsVisible = 0;
			defaultConfigurationName = Release;
		};
/* End XCConfigurationList section */

/* Begin XCSwiftPackageProductDependency section */
		57B4A4E12BFEAAE700A0CEC0 /* DataProvider */ = {
			isa = XCSwiftPackageProductDependency;
			productName = DataProvider;
		};
/* End XCSwiftPackageProductDependency section */
	};
	rootObject = EEC039E42BFE66BF00D7D30E /* Project object */;
}
